
Microsoft Visual Studio Solution File, Format Version 12.00
# Visual Studio Version 16
VisualStudioVersion = 16.0.30804.86
MinimumVisualStudioVersion = 10.0.40219.1
Project("{FAE04EC0-301F-11D3-BF4B-00C04F79EFBC}") = "Shop", "Shop\Shop.csproj", "{38969580-7F0E-433F-8ABB-688126B47FE8}"
EndProject
Global
	GlobalSection(SolutionConfigurationPlatforms) = preSolution
		Debug|Any CPU = Debug|Any CPU
		Release|Any CPU = Release|Any CPU
	EndGlobalSection
	GlobalSection(ProjectConfigurationPlatforms) = postSolution
		{38969580-7F0E-433F-8ABB-688126B47FE8}.Debug|Any CPU.ActiveCfg = Debug|Any CPU
		{38969580-7F0E-433F-8ABB-688126B47FE8}.Debug|Any CPU.Build.0 = Debug|Any CPU
		{38969580-7F0E-433F-8ABB-688126B47FE8}.Release|Any CPU.ActiveCfg = Release|Any CPU
		{38969580-7F0E-433F-8ABB-688126B47FE8}.Release|Any CPU.Build.0 = Release|Any CPU
	EndGlobalSection
	GlobalSection(SolutionProperties) = preSolution
		HideSolutionNode = FALSE
	EndGlobalSection
	GlobalSection(ExtensibilityGlobals) = postSolution
		SolutionGuid = {B46EE3A0-B672-4F47-A7F8-EC5697010E8B}
	EndGlobalSection
EndGlobal
